{
  "name": "shop-react-redux-cloudfront-be",
  "version": "1.0.0",
  "lockfileVersion": 1,
  "requires": true,
  "dependencies": {
    "@serverless/typescript": {
      "version": "3.19.0",
      "resolved": "https://registry.npmjs.org/@serverless/typescript/-/typescript-3.19.0.tgz",
      "integrity": "sha512-L9ZWQCD4BSD4Q79WI4pngFjyQ2yf9xzCKCHFx2j6zxlgf2CE1/gDXBVgDMWFASoK8YY39bRBiBR6u/OUWHi9Ow==",
      "dev": true
    }
  }
}
